{
  "originHash" : "202304f784cd480925a79897813a787cc917d7542d46e2eddae001fcdbac7176",
  "pins" : [
    {
      "identity" : "sentry-cocoa",
      "kind" : "remoteSourceControl",
      "location" : "https://github.com/getsentry/sentry-cocoa/",
      "state" : {
        "revision" : "0baded16c4bd1f2471949e89bf36289ca2b93080",
        "version" : "9.12.0"
      }
    },
    {
      "identity" : "swiftsdk",
      "kind" : "remoteSourceControl",
      "location" : "https://github.com/TelemetryDeck/SwiftSDK",
      "state" : {
        "revision" : "976172aa79a157157e754441c5ca4869c455b657",
        "version" : "2.14.0"
      }
    }
  ],
  "version" : 3
}
